schema: '2.0'
stages:
  get_data:
    cmd: python get_data.py
    deps:
    - path: get_data.py
      md5: 6d1c06a93ab5664069662b60228d78ba
      size: 277
    outs:
    - path: ./raw.csv
      md5: 6e0a6b956165a70746f2360f93bc62de
      size: 3276673
  prprocessing:
    cmd: python process.py
    deps:
    - path: ./raw.csv
      md5: 6e0a6b956165a70746f2360f93bc62de
      size: 3276673
    - path: process.py
      md5: 861a3906c1ca3c07335682566c9e9721
      size: 997
    outs:
    - path: ./processed.csv
      md5: d370f7151b87ce62784e7b00bd266074
      size: 1283950
  vectorization:
    cmd: python vectorize.py
    deps:
    - path: ./processed.csv
      md5: d370f7151b87ce62784e7b00bd266074
      size: 1283950
    - path: vectorize.py
      md5: 25f440315ae5a7ee4081569b8bf62f7b
      size: 575
    outs:
    - path: ./vectorized.parquet
      md5: 6189e42c0332c3bdd1a36d6d6ca3efec
      size: 1027883
  train_model:
    cmd: python train.py
    deps:
    - path: ./vectorized.parquet
      md5: 6189e42c0332c3bdd1a36d6d6ca3efec
      size: 1027883
    - path: train.py
      md5: cd36140965930b52e57815f1089d45c4
      size: 600
    outs:
    - path: ./clf.pkl
      md5: d1cfc85cf2212ca519ea86f0235b12c1
      size: 199106
    - path: ./vectorized_valid.parquet
      md5: 5db5950fd6be4c2c9b0c983d4e6410ee
      size: 247325
  validation_metrics:
    cmd: python validation.py
    deps:
    - path: ./clf.pkl
      md5: d1cfc85cf2212ca519ea86f0235b12c1
      size: 199106
    - path: ./vectorized_valid.parquet
      md5: 5db5950fd6be4c2c9b0c983d4e6410ee
      size: 247325
    - path: validation.py
      md5: f42cb28c1b5de9c37f9017d4022c9b9b
      size: 652
    outs:
    - path: metrics.json
      md5: b7fdc639961e1ef9aeb6911c3853bb41
      size: 125
